
Microsoft Visual Studio Solution File, Format Version 12.00
# Visual Studio Version 16
VisualStudioVersion = 16.0.29503.13
MinimumVisualStudioVersion = 10.0.40219.1
Project("{FAE04EC0-301F-11D3-BF4B-00C04F79EFBC}") = "Hyperwave.UserCache", "Hyperwave.UserCache\Hyperwave.UserCache.csproj", "{278DAA95-1471-4A58-957A-32A131DD4E26}"
EndProject
Project("{FAE04EC0-301F-11D3-BF4B-00C04F79EFBC}") = "Hyperwave.DB", "Hyperwave.DB\Hyperwave.DB.csproj", "{80B394F4-B204-45B4-9753-AF0D2D7E2C01}"
EndProject
Project("{FAE04EC0-301F-11D3-BF4B-00C04F79EFBC}") = "Hyperwave", "Hyperwave\Hyperwave.csproj", "{85A4D6DE-34C9-4748-9EA9-CD5144D44C89}"
EndProject
Project("{FAE04EC0-301F-11D3-BF4B-00C04F79EFBC}") = "Hyperwave.Controller", "Hyperwave.Controller\Hyperwave.Controller.csproj", "{B8F5F413-903F-4BC1-96CD-041AFB1A6EE2}"
EndProject
Project("{FAE04EC0-301F-11D3-BF4B-00C04F79EFBC}") = "Hyperwave.Config", "Hyperwave.Config\Hyperwave.Config.csproj", "{F94CC468-B4AA-4A8D-9B63-C58FBC74B046}"
EndProject
Project("{FAE04EC0-301F-11D3-BF4B-00C04F79EFBC}") = "Hyperwave.ViewModel", "Hyperwave.ViewModel\Hyperwave.ViewModel.csproj", "{5B7281A7-CBFB-4E4A-BF29-2E4A003C77FC}"
EndProject
Project("{FAE04EC0-301F-11D3-BF4B-00C04F79EFBC}") = "Hyperwave.Auth", "Hyperwave.Auth\Hyperwave.Auth.csproj", "{420D40E9-D736-4D62-9475-4F5B984CF2D3}"
EndProject
Project("{FAE04EC0-301F-11D3-BF4B-00C04F79EFBC}") = "LexEngine", "LexEngine\LexEngine.csproj", "{FEA9BBB1-F7C4-4E18-B34F-2EC9BA00578C}"
EndProject
Project("{FAE04EC0-301F-11D3-BF4B-00C04F79EFBC}") = "Hyperwave.Util", "Hyperwave.Util\Hyperwave.Util.csproj", "{6B275CDF-BE7E-4623-96B5-0D141FD51FA9}"
EndProject
Project("{FAE04EC0-301F-11D3-BF4B-00C04F79EFBC}") = "Hyperwave.Browser", "Hyperwave.Browser\Hyperwave.Browser.csproj", "{CEC16969-F353-4E33-80AD-49A4990CD649}"
EndProject
Project("{FAE04EC0-301F-11D3-BF4B-00C04F79EFBC}") = "Eve.Api", "Eve.Api\Eve.Api.csproj", "{7AFE4922-69EB-4E86-A2B8-AF07B78C3199}"
EndProject
Project("{8BC9CEB8-8B4A-11D0-8D11-00A0C91BC942}") = "Hyperwave.Background", "Hyperwave.Background\Hyperwave.Background.vcxproj", "{B356D735-5DC1-46B6-9D54-AEFAC80F7CC3}"
	ProjectSection(ProjectDependencies) = postProject
		{712EABAF-AAB8-4F90-90E3-FDC158594935} = {712EABAF-AAB8-4F90-90E3-FDC158594935}
	EndProjectSection
EndProject
Project("{8BC9CEB8-8B4A-11D0-8D11-00A0C91BC942}") = "Hyperwave.Cpp.Common", "Hyperwave.Cpp.Common\Hyperwave.Cpp.Common.vcxproj", "{712EABAF-AAB8-4F90-90E3-FDC158594935}"
EndProject
Global
	GlobalSection(SolutionConfigurationPlatforms) = preSolution
		Debug|Any CPU = Debug|Any CPU
		Debug|x64 = Debug|x64
		Debug|x86 = Debug|x86
		Release|Any CPU = Release|Any CPU
		Release|x64 = Release|x64
		Release|x86 = Release|x86
	EndGlobalSection
	GlobalSection(ProjectConfigurationPlatforms) = postSolution
		{278DAA95-1471-4A58-957A-32A131DD4E26}.Debug|Any CPU.ActiveCfg = Debug|Any CPU
		{278DAA95-1471-4A58-957A-32A131DD4E26}.Debug|Any CPU.Build.0 = Debug|Any CPU
		{278DAA95-1471-4A58-957A-32A131DD4E26}.Debug|x64.ActiveCfg = Debug|Any CPU
		{278DAA95-1471-4A58-957A-32A131DD4E26}.Debug|x64.Build.0 = Debug|Any CPU
		{278DAA95-1471-4A58-957A-32A131DD4E26}.Debug|x86.ActiveCfg = Debug|Any CPU
		{278DAA95-1471-4A58-957A-32A131DD4E26}.Debug|x86.Build.0 = Debug|Any CPU
		{278DAA95-1471-4A58-957A-32A131DD4E26}.Release|Any CPU.ActiveCfg = Release|Any CPU
		{278DAA95-1471-4A58-957A-32A131DD4E26}.Release|Any CPU.Build.0 = Release|Any CPU
		{278DAA95-1471-4A58-957A-32A131DD4E26}.Release|x64.ActiveCfg = Release|Any CPU
		{278DAA95-1471-4A58-957A-32A131DD4E26}.Release|x64.Build.0 = Release|Any CPU
		{278DAA95-1471-4A58-957A-32A131DD4E26}.Release|x86.ActiveCfg = Release|Any CPU
		{278DAA95-1471-4A58-957A-32A131DD4E26}.Release|x86.Build.0 = Release|Any CPU
		{80B394F4-B204-45B4-9753-AF0D2D7E2C01}.Debug|Any CPU.ActiveCfg = Debug|Any CPU
		{80B394F4-B204-45B4-9753-AF0D2D7E2C01}.Debug|Any CPU.Build.0 = Debug|Any CPU
		{80B394F4-B204-45B4-9753-AF0D2D7E2C01}.Debug|x64.ActiveCfg = Debug|Any CPU
		{80B394F4-B204-45B4-9753-AF0D2D7E2C01}.Debug|x64.Build.0 = Debug|Any CPU
		{80B394F4-B204-45B4-9753-AF0D2D7E2C01}.Debug|x86.ActiveCfg = Debug|Any CPU
		{80B394F4-B204-45B4-9753-AF0D2D7E2C01}.Debug|x86.Build.0 = Debug|Any CPU
		{80B394F4-B204-45B4-9753-AF0D2D7E2C01}.Release|Any CPU.ActiveCfg = Release|Any CPU
		{80B394F4-B204-45B4-9753-AF0D2D7E2C01}.Release|Any CPU.Build.0 = Release|Any CPU
		{80B394F4-B204-45B4-9753-AF0D2D7E2C01}.Release|x64.ActiveCfg = Release|Any CPU
		{80B394F4-B204-45B4-9753-AF0D2D7E2C01}.Release|x64.Build.0 = Release|Any CPU
		{80B394F4-B204-45B4-9753-AF0D2D7E2C01}.Release|x86.ActiveCfg = Release|Any CPU
		{80B394F4-B204-45B4-9753-AF0D2D7E2C01}.Release|x86.Build.0 = Release|Any CPU
		{85A4D6DE-34C9-4748-9EA9-CD5144D44C89}.Debug|Any CPU.ActiveCfg = Debug|Any CPU
		{85A4D6DE-34C9-4748-9EA9-CD5144D44C89}.Debug|Any CPU.Build.0 = Debug|Any CPU
		{85A4D6DE-34C9-4748-9EA9-CD5144D44C89}.Debug|x64.ActiveCfg = Debug|Any CPU
		{85A4D6DE-34C9-4748-9EA9-CD5144D44C89}.Debug|x64.Build.0 = Debug|Any CPU
		{85A4D6DE-34C9-4748-9EA9-CD5144D44C89}.Debug|x86.ActiveCfg = Debug|Any CPU
		{85A4D6DE-34C9-4748-9EA9-CD5144D44C89}.Debug|x86.Build.0 = Debug|Any CPU
		{85A4D6DE-34C9-4748-9EA9-CD5144D44C89}.Release|Any CPU.ActiveCfg = Release|Any CPU
		{85A4D6DE-34C9-4748-9EA9-CD5144D44C89}.Release|Any CPU.Build.0 = Release|Any CPU
		{85A4D6DE-34C9-4748-9EA9-CD5144D44C89}.Release|x64.ActiveCfg = Release|Any CPU
		{85A4D6DE-34C9-4748-9EA9-CD5144D44C89}.Release|x64.Build.0 = Release|Any CPU
		{85A4D6DE-34C9-4748-9EA9-CD5144D44C89}.Release|x86.ActiveCfg = Release|Any CPU
		{85A4D6DE-34C9-4748-9EA9-CD5144D44C89}.Release|x86.Build.0 = Release|Any CPU
		{B8F5F413-903F-4BC1-96CD-041AFB1A6EE2}.Debug|Any CPU.ActiveCfg = Debug|Any CPU
		{B8F5F413-903F-4BC1-96CD-041AFB1A6EE2}.Debug|Any CPU.Build.0 = Debug|Any CPU
		{B8F5F413-903F-4BC1-96CD-041AFB1A6EE2}.Debug|x64.ActiveCfg = Debug|Any CPU
		{B8F5F413-903F-4BC1-96CD-041AFB1A6EE2}.Debug|x64.Build.0 = Debug|Any CPU
		{B8F5F413-903F-4BC1-96CD-041AFB1A6EE2}.Debug|x86.ActiveCfg = Debug|Any CPU
		{B8F5F413-903F-4BC1-96CD-041AFB1A6EE2}.Debug|x86.Build.0 = Debug|Any CPU
		{B8F5F413-903F-4BC1-96CD-041AFB1A6EE2}.Release|Any CPU.ActiveCfg = Release|Any CPU
		{B8F5F413-903F-4BC1-96CD-041AFB1A6EE2}.Release|Any CPU.Build.0 = Release|Any CPU
		{B8F5F413-903F-4BC1-96CD-041AFB1A6EE2}.Release|x64.ActiveCfg = Release|Any CPU
		{B8F5F413-903F-4BC1-96CD-041AFB1A6EE2}.Release|x64.Build.0 = Release|Any CPU
		{B8F5F413-903F-4BC1-96CD-041AFB1A6EE2}.Release|x86.ActiveCfg = Release|Any CPU
		{B8F5F413-903F-4BC1-96CD-041AFB1A6EE2}.Release|x86.Build.0 = Release|Any CPU
		{F94CC468-B4AA-4A8D-9B63-C58FBC74B046}.Debug|Any CPU.ActiveCfg = Debug|Any CPU
		{F94CC468-B4AA-4A8D-9B63-C58FBC74B046}.Debug|Any CPU.Build.0 = Debug|Any CPU
		{F94CC468-B4AA-4A8D-9B63-C58FBC74B046}.Debug|x64.ActiveCfg = Debug|Any CPU
		{F94CC468-B4AA-4A8D-9B63-C58FBC74B046}.Debug|x64.Build.0 = Debug|Any CPU
		{F94CC468-B4AA-4A8D-9B63-C58FBC74B046}.Debug|x86.ActiveCfg = Debug|Any CPU
		{F94CC468-B4AA-4A8D-9B63-C58FBC74B046}.Debug|x86.Build.0 = Debug|Any CPU
		{F94CC468-B4AA-4A8D-9B63-C58FBC74B046}.Release|Any CPU.ActiveCfg = Release|Any CPU
		{F94CC468-B4AA-4A8D-9B63-C58FBC74B046}.Release|Any CPU.Build.0 = Release|Any CPU
		{F94CC468-B4AA-4A8D-9B63-C58FBC74B046}.Release|x64.ActiveCfg = Release|Any CPU
		{F94CC468-B4AA-4A8D-9B63-C58FBC74B046}.Release|x64.Build.0 = Release|Any CPU
		{F94CC468-B4AA-4A8D-9B63-C58FBC74B046}.Release|x86.ActiveCfg = Release|Any CPU
		{F94CC468-B4AA-4A8D-9B63-C58FBC74B046}.Release|x86.Build.0 = Release|Any CPU
		{5B7281A7-CBFB-4E4A-BF29-2E4A003C77FC}.Debug|Any CPU.ActiveCfg = Debug|Any CPU
		{5B7281A7-CBFB-4E4A-BF29-2E4A003C77FC}.Debug|Any CPU.Build.0 = Debug|Any CPU
		{5B7281A7-CBFB-4E4A-BF29-2E4A003C77FC}.Debug|x64.ActiveCfg = Debug|Any CPU
		{5B7281A7-CBFB-4E4A-BF29-2E4A003C77FC}.Debug|x64.Build.0 = Debug|Any CPU
		{5B7281A7-CBFB-4E4A-BF29-2E4A003C77FC}.Debug|x86.ActiveCfg = Debug|Any CPU
		{5B7281A7-CBFB-4E4A-BF29-2E4A003C77FC}.Debug|x86.Build.0 = Debug|Any CPU
		{5B7281A7-CBFB-4E4A-BF29-2E4A003C77FC}.Release|Any CPU.ActiveCfg = Release|Any CPU
		{5B7281A7-CBFB-4E4A-BF29-2E4A003C77FC}.Release|Any CPU.Build.0 = Release|Any CPU
		{5B7281A7-CBFB-4E4A-BF29-2E4A003C77FC}.Release|x64.ActiveCfg = Release|Any CPU
		{5B7281A7-CBFB-4E4A-BF29-2E4A003C77FC}.Release|x64.Build.0 = Release|Any CPU
		{5B7281A7-CBFB-4E4A-BF29-2E4A003C77FC}.Release|x86.ActiveCfg = Release|Any CPU
		{5B7281A7-CBFB-4E4A-BF29-2E4A003C77FC}.Release|x86.Build.0 = Release|Any CPU
		{420D40E9-D736-4D62-9475-4F5B984CF2D3}.Debug|Any CPU.ActiveCfg = Debug|Any CPU
		{420D40E9-D736-4D62-9475-4F5B984CF2D3}.Debug|Any CPU.Build.0 = Debug|Any CPU
		{420D40E9-D736-4D62-9475-4F5B984CF2D3}.Debug|x64.ActiveCfg = Debug|Any CPU
		{420D40E9-D736-4D62-9475-4F5B984CF2D3}.Debug|x64.Build.0 = Debug|Any CPU
		{420D40E9-D736-4D62-9475-4F5B984CF2D3}.Debug|x86.ActiveCfg = Debug|Any CPU
		{420D40E9-D736-4D62-9475-4F5B984CF2D3}.Debug|x86.Build.0 = Debug|Any CPU
		{420D40E9-D736-4D62-9475-4F5B984CF2D3}.Release|Any CPU.ActiveCfg = Release|Any CPU
		{420D40E9-D736-4D62-9475-4F5B984CF2D3}.Release|Any CPU.Build.0 = Release|Any CPU
		{420D40E9-D736-4D62-9475-4F5B984CF2D3}.Release|x64.ActiveCfg = Release|Any CPU
		{420D40E9-D736-4D62-9475-4F5B984CF2D3}.Release|x64.Build.0 = Release|Any CPU
		{420D40E9-D736-4D62-9475-4F5B984CF2D3}.Release|x86.ActiveCfg = Release|Any CPU
		{420D40E9-D736-4D62-9475-4F5B984CF2D3}.Release|x86.Build.0 = Release|Any CPU
		{FEA9BBB1-F7C4-4E18-B34F-2EC9BA00578C}.Debug|Any CPU.ActiveCfg = Debug|Any CPU
		{FEA9BBB1-F7C4-4E18-B34F-2EC9BA00578C}.Debug|Any CPU.Build.0 = Debug|Any CPU
		{FEA9BBB1-F7C4-4E18-B34F-2EC9BA00578C}.Debug|x64.ActiveCfg = Debug|Any CPU
		{FEA9BBB1-F7C4-4E18-B34F-2EC9BA00578C}.Debug|x64.Build.0 = Debug|Any CPU
		{FEA9BBB1-F7C4-4E18-B34F-2EC9BA00578C}.Debug|x86.ActiveCfg = Debug|Any CPU
		{FEA9BBB1-F7C4-4E18-B34F-2EC9BA00578C}.Debug|x86.Build.0 = Debug|Any CPU
		{FEA9BBB1-F7C4-4E18-B34F-2EC9BA00578C}.Release|Any CPU.ActiveCfg = Release|Any CPU
		{FEA9BBB1-F7C4-4E18-B34F-2EC9BA00578C}.Release|Any CPU.Build.0 = Release|Any CPU
		{FEA9BBB1-F7C4-4E18-B34F-2EC9BA00578C}.Release|x64.ActiveCfg = Release|Any CPU
		{FEA9BBB1-F7C4-4E18-B34F-2EC9BA00578C}.Release|x64.Build.0 = Release|Any CPU
		{FEA9BBB1-F7C4-4E18-B34F-2EC9BA00578C}.Release|x86.ActiveCfg = Release|Any CPU
		{FEA9BBB1-F7C4-4E18-B34F-2EC9BA00578C}.Release|x86.Build.0 = Release|Any CPU
		{6B275CDF-BE7E-4623-96B5-0D141FD51FA9}.Debug|Any CPU.ActiveCfg = Debug|Any CPU
		{6B275CDF-BE7E-4623-96B5-0D141FD51FA9}.Debug|Any CPU.Build.0 = Debug|Any CPU
		{6B275CDF-BE7E-4623-96B5-0D141FD51FA9}.Debug|x64.ActiveCfg = Debug|Any CPU
		{6B275CDF-BE7E-4623-96B5-0D141FD51FA9}.Debug|x64.Build.0 = Debug|Any CPU
		{6B275CDF-BE7E-4623-96B5-0D141FD51FA9}.Debug|x86.ActiveCfg = Debug|Any CPU
		{6B275CDF-BE7E-4623-96B5-0D141FD51FA9}.Debug|x86.Build.0 = Debug|Any CPU
		{6B275CDF-BE7E-4623-96B5-0D141FD51FA9}.Release|Any CPU.ActiveCfg = Release|Any CPU
		{6B275CDF-BE7E-4623-96B5-0D141FD51FA9}.Release|Any CPU.Build.0 = Release|Any CPU
		{6B275CDF-BE7E-4623-96B5-0D141FD51FA9}.Release|x64.ActiveCfg = Release|Any CPU
		{6B275CDF-BE7E-4623-96B5-0D141FD51FA9}.Release|x64.Build.0 = Release|Any CPU
		{6B275CDF-BE7E-4623-96B5-0D141FD51FA9}.Release|x86.ActiveCfg = Release|Any CPU
		{6B275CDF-BE7E-4623-96B5-0D141FD51FA9}.Release|x86.Build.0 = Release|Any CPU
		{CEC16969-F353-4E33-80AD-49A4990CD649}.Debug|Any CPU.ActiveCfg = Debug|x64
		{CEC16969-F353-4E33-80AD-49A4990CD649}.Debug|Any CPU.Build.0 = Debug|x64
		{CEC16969-F353-4E33-80AD-49A4990CD649}.Debug|x64.ActiveCfg = Debug|x64
		{CEC16969-F353-4E33-80AD-49A4990CD649}.Debug|x64.Build.0 = Debug|x64
		{CEC16969-F353-4E33-80AD-49A4990CD649}.Debug|x86.ActiveCfg = Debug|Any CPU
		{CEC16969-F353-4E33-80AD-49A4990CD649}.Debug|x86.Build.0 = Debug|Any CPU
		{CEC16969-F353-4E33-80AD-49A4990CD649}.Release|Any CPU.ActiveCfg = Release|x64
		{CEC16969-F353-4E33-80AD-49A4990CD649}.Release|Any CPU.Build.0 = Release|x64
		{CEC16969-F353-4E33-80AD-49A4990CD649}.Release|x64.ActiveCfg = Release|x64
		{CEC16969-F353-4E33-80AD-49A4990CD649}.Release|x64.Build.0 = Release|x64
		{CEC16969-F353-4E33-80AD-49A4990CD649}.Release|x86.ActiveCfg = Release|Any CPU
		{CEC16969-F353-4E33-80AD-49A4990CD649}.Release|x86.Build.0 = Release|Any CPU
		{7AFE4922-69EB-4E86-A2B8-AF07B78C3199}.Debug|Any CPU.ActiveCfg = Debug|Any CPU
		{7AFE4922-69EB-4E86-A2B8-AF07B78C3199}.Debug|Any CPU.Build.0 = Debug|Any CPU
		{7AFE4922-69EB-4E86-A2B8-AF07B78C3199}.Debug|x64.ActiveCfg = Debug|Any CPU
		{7AFE4922-69EB-4E86-A2B8-AF07B78C3199}.Debug|x64.Build.0 = Debug|Any CPU
		{7AFE4922-69EB-4E86-A2B8-AF07B78C3199}.Debug|x86.ActiveCfg = Debug|Any CPU
		{7AFE4922-69EB-4E86-A2B8-AF07B78C3199}.Debug|x86.Build.0 = Debug|Any CPU
		{7AFE4922-69EB-4E86-A2B8-AF07B78C3199}.Release|Any CPU.ActiveCfg = Release|Any CPU
		{7AFE4922-69EB-4E86-A2B8-AF07B78C3199}.Release|Any CPU.Build.0 = Release|Any CPU
		{7AFE4922-69EB-4E86-A2B8-AF07B78C3199}.Release|x64.ActiveCfg = Release|Any CPU
		{7AFE4922-69EB-4E86-A2B8-AF07B78C3199}.Release|x64.Build.0 = Release|Any CPU
		{7AFE4922-69EB-4E86-A2B8-AF07B78C3199}.Release|x86.ActiveCfg = Release|Any CPU
		{7AFE4922-69EB-4E86-A2B8-AF07B78C3199}.Release|x86.Build.0 = Release|Any CPU
		{B356D735-5DC1-46B6-9D54-AEFAC80F7CC3}.Debug|Any CPU.ActiveCfg = Debug|Win32
		{B356D735-5DC1-46B6-9D54-AEFAC80F7CC3}.Debug|Any CPU.Build.0 = Debug|Win32
		{B356D735-5DC1-46B6-9D54-AEFAC80F7CC3}.Debug|x64.ActiveCfg = Debug|x64
		{B356D735-5DC1-46B6-9D54-AEFAC80F7CC3}.Debug|x64.Build.0 = Debug|x64
		{B356D735-5DC1-46B6-9D54-AEFAC80F7CC3}.Debug|x86.ActiveCfg = Debug|Win32
		{B356D735-5DC1-46B6-9D54-AEFAC80F7CC3}.Debug|x86.Build.0 = Debug|Win32
		{B356D735-5DC1-46B6-9D54-AEFAC80F7CC3}.Release|Any CPU.ActiveCfg = Release|Win32
		{B356D735-5DC1-46B6-9D54-AEFAC80F7CC3}.Release|x64.ActiveCfg = Release|x64
		{B356D735-5DC1-46B6-9D54-AEFAC80F7CC3}.Release|x64.Build.0 = Release|x64
		{B356D735-5DC1-46B6-9D54-AEFAC80F7CC3}.Release|x86.ActiveCfg = Release|Win32
		{B356D735-5DC1-46B6-9D54-AEFAC80F7CC3}.Release|x86.Build.0 = Release|Win32
		{712EABAF-AAB8-4F90-90E3-FDC158594935}.Debug|Any CPU.ActiveCfg = Debug|Win32
		{712EABAF-AAB8-4F90-90E3-FDC158594935}.Debug|Any CPU.Build.0 = Debug|Win32
		{712EABAF-AAB8-4F90-90E3-FDC158594935}.Debug|x64.ActiveCfg = Debug|x64
		{712EABAF-AAB8-4F90-90E3-FDC158594935}.Debug|x64.Build.0 = Debug|x64
		{712EABAF-AAB8-4F90-90E3-FDC158594935}.Debug|x86.ActiveCfg = Debug|Win32
		{712EABAF-AAB8-4F90-90E3-FDC158594935}.Debug|x86.Build.0 = Debug|Win32
		{712EABAF-AAB8-4F90-90E3-FDC158594935}.Release|Any CPU.ActiveCfg = Release|Win32
		{712EABAF-AAB8-4F90-90E3-FDC158594935}.Release|x64.ActiveCfg = Release|x64
		{712EABAF-AAB8-4F90-90E3-FDC158594935}.Release|x64.Build.0 = Release|x64
		{712EABAF-AAB8-4F90-90E3-FDC158594935}.Release|x86.ActiveCfg = Release|Win32
		{712EABAF-AAB8-4F90-90E3-FDC158594935}.Release|x86.Build.0 = Release|Win32
	EndGlobalSection
	GlobalSection(SolutionProperties) = preSolution
		HideSolutionNode = FALSE
	EndGlobalSection
	GlobalSection(ExtensibilityGlobals) = postSolution
		SolutionGuid = {0D3739E6-9A9B-4237-BBAB-F3CED0799417}
	EndGlobalSection
EndGlobal
